
Microsoft Visual Studio Solution File, Format Version 12.00
# Visual Studio Version 17
VisualStudioVersion = 17.11.35312.102
MinimumVisualStudioVersion = 10.0.40219.1
Project("{FAE04EC0-301F-11D3-BF4B-00C04F79EFBC}") = "SWAPI", "SWAPI.csproj", "{901E9FC5-6C0C-42A4-9FE3-DB3BFD604375}"
EndProject
Global
	GlobalSection(SolutionConfigurationPlatforms) = preSolution
		Debug|Any CPU = Debug|Any CPU
		Release|Any CPU = Release|Any CPU
	EndGlobalSection
	GlobalSection(ProjectConfigurationPlatforms) = postSolution
		{901E9FC5-6C0C-42A4-9FE3-DB3BFD604375}.Debug|Any CPU.ActiveCfg = Debug|Any CPU
		{901E9FC5-6C0C-42A4-9FE3-DB3BFD604375}.Debug|Any CPU.Build.0 = Debug|Any CPU
		{901E9FC5-6C0C-42A4-9FE3-DB3BFD604375}.Release|Any CPU.ActiveCfg = Release|Any CPU
		{901E9FC5-6C0C-42A4-9FE3-DB3BFD604375}.Release|Any CPU.Build.0 = Release|Any CPU
	EndGlobalSection
	GlobalSection(SolutionProperties) = preSolution
		HideSolutionNode = FALSE
	EndGlobalSection
	GlobalSection(ExtensibilityGlobals) = postSolution
		SolutionGuid = {58F00D9E-4501-4157-94AD-302C3EBA606A}
	EndGlobalSection
EndGlobal
